
Microsoft Visual Studio Solution File, Format Version 12.00
# Visual Studio Version 17
VisualStudioVersion = 17.7.33927.210
MinimumVisualStudioVersion = 10.0.40219.1
Project("{FAE04EC0-301F-11D3-BF4B-00C04F79EFBC}") = "Blade&Sorcery_ModManager", "Blade&Sorcery_ModManager.csproj", "{3747DAEC-576C-4AC8-BE34-BD5C8753F5A5}"
EndProject
Global
	GlobalSection(SolutionConfigurationPlatforms) = preSolution
		Debug|Any CPU = Debug|Any CPU
		Release|Any CPU = Release|Any CPU
	EndGlobalSection
	GlobalSection(ProjectConfigurationPlatforms) = postSolution
		{3747DAEC-576C-4AC8-BE34-BD5C8753F5A5}.Debug|Any CPU.ActiveCfg = Debug|Any CPU
		{3747DAEC-576C-4AC8-BE34-BD5C8753F5A5}.Debug|Any CPU.Build.0 = Debug|Any CPU
		{3747DAEC-576C-4AC8-BE34-BD5C8753F5A5}.Release|Any CPU.ActiveCfg = Release|Any CPU
		{3747DAEC-576C-4AC8-BE34-BD5C8753F5A5}.Release|Any CPU.Build.0 = Release|Any CPU
	EndGlobalSection
	GlobalSection(SolutionProperties) = preSolution
		HideSolutionNode = FALSE
	EndGlobalSection
	GlobalSection(ExtensibilityGlobals) = postSolution
		SolutionGuid = {A5BB2741-3C2E-4903-A9BA-4D692927E7EC}
	EndGlobalSection
EndGlobal
